<?xml version="1.0" encoding="utf-8"?>
<Project ToolsVersion="4.0" xmlns="http://schemas.microsoft.com/developer/msbuild/2003">
  <ItemGroup>
    <Filter Include="Default">
      <UniqueIdentifier>{93995380-89BD-4b04-88EB-625FBE52EBFB}</UniqueIdentifier>
      <Extensions>h;hh;hpp;hxx;h++;hm;inl;inc;ipp;xsd</Extensions>
    </Filter>
    <Filter Include="01. Header">
      <UniqueIdentifier>{4b840465-65e5-4343-82c7-07d3dcbc0270}</UniqueIdentifier>
    </Filter>
    <Filter Include="02. Engine">
      <UniqueIdentifier>{49934e54-386b-4191-a9c7-07596824403b}</UniqueIdentifier>
    </Filter>
    <Filter Include="03. Device">
      <UniqueIdentifier>{7b7407a9-5571-4060-a76b-07e963b1b0d1}</UniqueIdentifier>
    </Filter>
    <Filter Include="Entity">
      <UniqueIdentifier>{a00e1c85-d243-48aa-a89e-ff80676a3752}</UniqueIdentifier>
    </Filter>
    <Filter Include="Module">
      <UniqueIdentifier>{d954f724-cf29-4d79-9bf6-44818a86674e}</UniqueIdentifier>
    </Filter>
    <Filter Include="ShaderCode">
      <UniqueIdentifier>{3e69b992-9a9c-4350-9374-a3a18eb70421}</UniqueIdentifier>
    </Filter>
    <Filter Include="05. Level">
      <UniqueIdentifier>{2b68d969-2059-414f-bed7-b34e170bc0db}</UniqueIdentifier>
    </Filter>
    <Filter Include="04. Manager">
      <UniqueIdentifier>{97cd8b24-7062-4391-88c4-bbea33526475}</UniqueIdentifier>
    </Filter>
    <Filter Include="04. Manager\KeyMgr">
      <UniqueIdentifier>{cb14184a-598d-4a93-8cca-91db7fb67246}</UniqueIdentifier>
    </Filter>
    <Filter Include="04. Manager\PathMgr">
      <UniqueIdentifier>{c7036ac3-e045-4bf4-a4a4-c8b580aac783}</UniqueIdentifier>
    </Filter>
    <Filter Include="04. Manager\TimeMgr">
      <UniqueIdentifier>{9446e728-3b48-4a38-bcd9-104f4f128dc7}</UniqueIdentifier>
    </Filter>
    <Filter Include="07. GameObject">
      <UniqueIdentifier>{9810d4fd-1705-4d53-a705-54feedd499bc}</UniqueIdentifier>
    </Filter>
    <Filter Include="08. Component">
      <UniqueIdentifier>{f14234e6-914a-44d4-84d7-ba644e24c4bc}</UniqueIdentifier>
    </Filter>
    <Filter Include="08. Component\01. Transform">
      <UniqueIdentifier>{a831fedb-0c0d-445c-ad73-59084eb6df68}</UniqueIdentifier>
    </Filter>
    <Filter Include="08. Component\02. Collider2D">
      <UniqueIdentifier>{cf8263b3-a69a-46c5-b998-3a8d7497522f}</UniqueIdentifier>
    </Filter>
    <Filter Include="08. Component\04. Animator2D">
      <UniqueIdentifier>{f47178fd-01f8-4b05-b796-1a05a15daeba}</UniqueIdentifier>
    </Filter>
    <Filter Include="08. Component\06. Light2D">
      <UniqueIdentifier>{7a2dff7b-a081-4072-8ad9-76393851c67b}</UniqueIdentifier>
    </Filter>
    <Filter Include="08. Component\08. Camera">
      <UniqueIdentifier>{0e6f1a77-d8d7-43d8-a85a-48bfec3a17a0}</UniqueIdentifier>
    </Filter>
    <Filter Include="03. Device\ConstBuffer">
      <UniqueIdentifier>{5cce5788-888b-4100-9523-85a05814f3b4}</UniqueIdentifier>
    </Filter>
    <Filter Include="08. Component\RenderComponent">
      <UniqueIdentifier>{e5759e32-a2ed-4549-b8ad-7d32c131efac}</UniqueIdentifier>
    </Filter>
    <Filter Include="08. Component\RenderComponent\01. MeshRender">
      <UniqueIdentifier>{1302d1b7-6e16-46dc-93b3-e6198a5f7ee6}</UniqueIdentifier>
    </Filter>
    <Filter Include="08. Component\RenderComponent\02. TileMap">
      <UniqueIdentifier>{06de6202-8e51-423e-98ce-f181966b3db7}</UniqueIdentifier>
    </Filter>
    <Filter Include="08. Component\RenderComponent\03. ParticleSystem">
      <UniqueIdentifier>{da3d5c72-dcf6-4503-bfe8-55bf93a2f56d}</UniqueIdentifier>
    </Filter>
    <Filter Include="04. Manager\AssetMgr">
      <UniqueIdentifier>{cb7c1db4-e024-4ddf-b8de-9c77905a4a01}</UniqueIdentifier>
    </Filter>
    <Filter Include="04. Manager\LevelMgr">
      <UniqueIdentifier>{d9a86a63-5729-4456-9bd7-d5c87fc53b81}</UniqueIdentifier>
    </Filter>
    <Filter Include="08. Component\Script">
      <UniqueIdentifier>{8334604e-7f6b-477e-a259-6976daf859c3}</UniqueIdentifier>
    </Filter>
    <Filter Include="Scripts">
      <UniqueIdentifier>{e91911b5-4296-468a-b4b4-c94342d0fbb8}</UniqueIdentifier>
    </Filter>
    <Filter Include="06. Asset">
      <UniqueIdentifier>{dc5ac5f6-fe5a-42e2-9d2a-1157cc5eefa3}</UniqueIdentifier>
    </Filter>
    <Filter Include="06. Asset\Mesh">
      <UniqueIdentifier>{0f21e1f2-4c14-4b20-8e53-73bb89e26c1d}</UniqueIdentifier>
    </Filter>
    <Filter Include="06. Asset\Shader">
      <UniqueIdentifier>{c11c5139-1493-41f2-a41c-5fb63a7dd7fb}</UniqueIdentifier>
    </Filter>
    <Filter Include="06. Asset\Shader\ComputeShader">
      <UniqueIdentifier>{950dc33d-24c1-4bb2-910a-9cdf1eb4a78a}</UniqueIdentifier>
    </Filter>
    <Filter Include="06. Asset\Shader\GraphicsShader">
      <UniqueIdentifier>{5249228d-036d-4385-a083-6c5253fe5eca}</UniqueIdentifier>
    </Filter>
    <Filter Include="06. Asset\Material">
      <UniqueIdentifier>{e04200ca-f46f-43aa-a642-916460bf2f56}</UniqueIdentifier>
    </Filter>
    <Filter Include="06. Asset\MeshData">
      <UniqueIdentifier>{a682a170-e704-4e0a-848d-8531422601f7}</UniqueIdentifier>
    </Filter>
    <Filter Include="06. Asset\Texture">
      <UniqueIdentifier>{8dbc7344-00ad-442c-963f-0948afe8a44e}</UniqueIdentifier>
    </Filter>
    <Filter Include="06. Asset\Sound">
      <UniqueIdentifier>{3e3f5e53-d8b8-4972-980d-d853e05915b3}</UniqueIdentifier>
    </Filter>
  </ItemGroup>
  <ItemGroup>
    <ClInclude Include="framework.h">
      <Filter>Default</Filter>
    </ClInclude>
    <ClInclude Include="pch.h">
      <Filter>Default</Filter>
    </ClInclude>
    <ClInclude Include="define.h">
      <Filter>01. Header</Filter>
    </ClInclude>
    <ClInclude Include="global.h">
      <Filter>01. Header</Filter>
    </ClInclude>
    <ClInclude Include="singleton.h">
      <Filter>01. Header</Filter>
    </ClInclude>
    <ClInclude Include="struct.h">
      <Filter>01. Header</Filter>
    </ClInclude>
    <ClInclude Include="HYEngine.h">
      <Filter>02. Engine</Filter>
    </ClInclude>
    <ClInclude Include="HYDevice.h">
      <Filter>03. Device</Filter>
    </ClInclude>
    <ClInclude Include="HYEntity.h">
      <Filter>Entity</Filter>
    </ClInclude>
    <ClInclude Include="HYLevel.h">
      <Filter>05. Level</Filter>
    </ClInclude>
    <ClInclude Include="SimpleMath.h">
      <Filter>Module</Filter>
    </ClInclude>
    <ClInclude Include="HYKeyMgr.h">
      <Filter>04. Manager\KeyMgr</Filter>
    </ClInclude>
    <ClInclude Include="HYPathMgr.h">
      <Filter>04. Manager\PathMgr</Filter>
    </ClInclude>
    <ClInclude Include="HYTimeMgr.h">
      <Filter>04. Manager\TimeMgr</Filter>
    </ClInclude>
    <ClInclude Include="HYAsset.h">
      <Filter>06. Asset</Filter>
    </ClInclude>
    <ClInclude Include="HYMesh.h">
      <Filter>06. Asset\Mesh</Filter>
    </ClInclude>
    <ClInclude Include="HYShader.h">
      <Filter>06. Asset\Shader</Filter>
    </ClInclude>
    <ClInclude Include="HYGraphicsShader.h">
      <Filter>06. Asset\Shader\GraphicsShader</Filter>
    </ClInclude>
    <ClInclude Include="HYGameObject.h">
      <Filter>07. GameObject</Filter>
    </ClInclude>
    <ClInclude Include="HYComponent.h">
      <Filter>08. Component</Filter>
    </ClInclude>
    <ClInclude Include="HYTransform.h">
      <Filter>08. Component\01. Transform</Filter>
    </ClInclude>
    <ClInclude Include="func.h">
      <Filter>01. Header</Filter>
    </ClInclude>
    <ClInclude Include="HYConstBuffer.h">
      <Filter>03. Device\ConstBuffer</Filter>
    </ClInclude>
    <ClInclude Include="HYRenderComponent.h">
      <Filter>08. Component\RenderComponent</Filter>
    </ClInclude>
    <ClInclude Include="HYMeshRender.h">
      <Filter>08. Component\RenderComponent\01. MeshRender</Filter>
    </ClInclude>
    <ClInclude Include="components.h">
      <Filter>01. Header</Filter>
    </ClInclude>
    <ClInclude Include="HYLevelMgr.h">
      <Filter>04. Manager\LevelMgr</Filter>
    </ClInclude>
    <ClInclude Include="HYAssetMgr.h">
      <Filter>04. Manager\AssetMgr</Filter>
    </ClInclude>
    <ClInclude Include="HYLayer.h">
      <Filter>05. Level</Filter>
    </ClInclude>
    <ClInclude Include="HYScript.h">
      <Filter>08. Component\Script</Filter>
    </ClInclude>
    <ClInclude Include="HYPlayerScript.h">
      <Filter>Scripts</Filter>
    </ClInclude>
    <ClInclude Include="HYCamera.h">
      <Filter>08. Component\08. Camera</Filter>
    </ClInclude>
    <ClInclude Include="HYCameraMoveScript.h">
      <Filter>Scripts</Filter>
    </ClInclude>
    <ClInclude Include="HYTexture.h">
      <Filter>06. Asset\Texture</Filter>
    </ClInclude>
  </ItemGroup>
  <ItemGroup>
    <ClCompile Include="pch.cpp">
      <Filter>Default</Filter>
    </ClCompile>
    <ClCompile Include="HYEngine.cpp">
      <Filter>02. Engine</Filter>
    </ClCompile>
    <ClCompile Include="Engine.cpp">
      <Filter>Default</Filter>
    </ClCompile>
    <ClCompile Include="HYDevice.cpp">
      <Filter>03. Device</Filter>
    </ClCompile>
    <ClCompile Include="HYEntity.cpp">
      <Filter>Entity</Filter>
    </ClCompile>
    <ClCompile Include="HYLevel.cpp">
      <Filter>05. Level</Filter>
    </ClCompile>
    <ClCompile Include="HYKeyMgr.cpp">
      <Filter>04. Manager\KeyMgr</Filter>
    </ClCompile>
    <ClCompile Include="HYPathMgr.cpp">
      <Filter>04. Manager\PathMgr</Filter>
    </ClCompile>
    <ClCompile Include="HYTimeMgr.cpp">
      <Filter>04. Manager\TimeMgr</Filter>
    </ClCompile>
    <ClCompile Include="HYAsset.cpp">
      <Filter>06. Asset</Filter>
    </ClCompile>
    <ClCompile Include="HYMesh.cpp">
      <Filter>06. Asset\Mesh</Filter>
    </ClCompile>
    <ClCompile Include="HYShader.cpp">
      <Filter>06. Asset\Shader</Filter>
    </ClCompile>
    <ClCompile Include="HYGraphicsShader.cpp">
      <Filter>06. Asset\Shader\GraphicsShader</Filter>
    </ClCompile>
    <ClCompile Include="HYGameObject.cpp">
      <Filter>07. GameObject</Filter>
    </ClCompile>
    <ClCompile Include="HYComponent.cpp">
      <Filter>08. Component</Filter>
    </ClCompile>
    <ClCompile Include="HYTransform.cpp">
      <Filter>08. Component\01. Transform</Filter>
    </ClCompile>
    <ClCompile Include="HYConstBuffer.cpp">
      <Filter>03. Device\ConstBuffer</Filter>
    </ClCompile>
    <ClCompile Include="HYRenderComponent.cpp">
      <Filter>08. Component\RenderComponent</Filter>
    </ClCompile>
    <ClCompile Include="HYMeshRender.cpp">
      <Filter>08. Component\RenderComponent\01. MeshRender</Filter>
    </ClCompile>
    <ClCompile Include="HYLevelMgr.cpp">
      <Filter>04. Manager\LevelMgr</Filter>
    </ClCompile>
    <ClCompile Include="HYAssetMgr.cpp">
      <Filter>04. Manager\AssetMgr</Filter>
    </ClCompile>
    <ClCompile Include="HYLayer.cpp">
      <Filter>05. Level</Filter>
    </ClCompile>
    <ClCompile Include="HYScript.cpp">
      <Filter>08. Component\Script</Filter>
    </ClCompile>
    <ClCompile Include="HYPlayerScript.cpp">
      <Filter>Scripts</Filter>
    </ClCompile>
    <ClCompile Include="HYCamera.cpp">
      <Filter>08. Component\08. Camera</Filter>
    </ClCompile>
    <ClCompile Include="extern.cpp">
      <Filter>01. Header</Filter>
    </ClCompile>
    <ClCompile Include="HYCameraMoveScript.cpp">
      <Filter>Scripts</Filter>
    </ClCompile>
    <ClCompile Include="HYTexture.cpp">
      <Filter>06. Asset\Texture</Filter>
    </ClCompile>
  </ItemGroup>
  <ItemGroup>
    <None Include="SimpleMath.inl">
      <Filter>Module</Filter>
    </None>
  </ItemGroup>
  <ItemGroup>
    <FxCompile Include="std2d.fx">
      <Filter>ShaderCode</Filter>
    </FxCompile>
  </ItemGroup>
</Project>