<?xml version="1.0" encoding="utf-8"?>
<Project ToolsVersion="4.0" xmlns="http://schemas.microsoft.com/developer/msbuild/2003">
  <ItemGroup>
    <Filter Include="리소스 파일">
      <UniqueIdentifier>{67DA6AB6-F800-4c08-8B7A-83BB121AAD01}</UniqueIdentifier>
      <Extensions>rc;ico;cur;bmp;dlg;rc2;rct;bin;rgs;gif;jpg;jpeg;jpe;resx;tiff;tif;png;wav;mfcribbon-ms</Extensions>
    </Filter>
    <Filter Include="Default">
      <UniqueIdentifier>{4FC737F1-C7A5-4376-A066-2A32D752A2FF}</UniqueIdentifier>
      <Extensions>cpp;c;cc;cxx;c++;cppm;ixx;def;odl;idl;hpj;bat;asm;asmx</Extensions>
    </Filter>
    <Filter Include="Default\ImGui">
      <UniqueIdentifier>{b7bd5302-5046-45fb-89f6-f91d6ba57d98}</UniqueIdentifier>
    </Filter>
    <Filter Include="01. Manager">
      <UniqueIdentifier>{57916377-1303-4ef2-b497-02cbdd6786f5}</UniqueIdentifier>
    </Filter>
    <Filter Include="02. UI">
      <UniqueIdentifier>{1e0e102a-b2d6-456e-a7bb-357f0a9402c8}</UniqueIdentifier>
    </Filter>
    <Filter Include="02. UI\1. Outliner">
      <UniqueIdentifier>{ca9a2704-c34f-4a5c-8e93-f8bc649fa257}</UniqueIdentifier>
    </Filter>
    <Filter Include="02. UI\2. Content">
      <UniqueIdentifier>{3796fb55-06bb-4440-a01f-ff07bcbf9237}</UniqueIdentifier>
    </Filter>
    <Filter Include="02. UI\3. Inspector">
      <UniqueIdentifier>{a22ae863-10f2-495b-993c-36a9dd4dbf5a}</UniqueIdentifier>
    </Filter>
    <Filter Include="02. UI\3. Inspector\AssetUI">
      <UniqueIdentifier>{7f84369d-304c-4d33-be1d-7874b1688baa}</UniqueIdentifier>
    </Filter>
    <Filter Include="02. UI\3. Inspector\AssetUI\ComputeShader">
      <UniqueIdentifier>{8cd541db-952d-4236-b331-1da0a09fa1db}</UniqueIdentifier>
    </Filter>
    <Filter Include="02. UI\3. Inspector\AssetUI\GraphicsShader">
      <UniqueIdentifier>{9fdd3322-99ac-453e-93b3-a6917bb59705}</UniqueIdentifier>
    </Filter>
    <Filter Include="02. UI\3. Inspector\AssetUI\MaterialUI">
      <UniqueIdentifier>{096dfd77-6d01-4d83-8bfe-e5ac48ebd22f}</UniqueIdentifier>
    </Filter>
    <Filter Include="02. UI\3. Inspector\AssetUI\MeshData">
      <UniqueIdentifier>{aeafb582-3795-43fe-9ef3-6f87fa13e751}</UniqueIdentifier>
    </Filter>
    <Filter Include="02. UI\3. Inspector\AssetUI\MeshUI">
      <UniqueIdentifier>{bebd969d-ccee-432f-bd8f-923f53742850}</UniqueIdentifier>
    </Filter>
    <Filter Include="02. UI\3. Inspector\AssetUI\Sound">
      <UniqueIdentifier>{618b8d15-0a4e-478b-96b0-cfe3990746eb}</UniqueIdentifier>
    </Filter>
    <Filter Include="02. UI\3. Inspector\AssetUI\TextureUI">
      <UniqueIdentifier>{56109a16-99bf-46a0-9900-c725bf46ca8c}</UniqueIdentifier>
    </Filter>
    <Filter Include="02. UI\3. Inspector\CompoenntUI">
      <UniqueIdentifier>{3cb11ecc-096f-4ec5-80e8-1c85a6f69435}</UniqueIdentifier>
    </Filter>
    <Filter Include="02. UI\3. Inspector\CompoenntUI\MeshRender">
      <UniqueIdentifier>{2f3507fa-9d3e-4e1e-9bda-4b916e7ce1f3}</UniqueIdentifier>
    </Filter>
    <Filter Include="02. UI\3. Inspector\CompoenntUI\Transform">
      <UniqueIdentifier>{3626ec46-7c48-4db7-ab6c-a854c2a08359}</UniqueIdentifier>
    </Filter>
    <Filter Include="02. UI\3. Inspector\CompoenntUI\Animator2D">
      <UniqueIdentifier>{c0675e0a-37e5-43df-8ed0-8eb87cfad3c6}</UniqueIdentifier>
    </Filter>
    <Filter Include="02. UI\3. Inspector\CompoenntUI\Animator2D\Editor">
      <UniqueIdentifier>{68d440b3-c6a3-4f83-9cb5-953cec47cb2e}</UniqueIdentifier>
    </Filter>
    <Filter Include="02. UI\3. Inspector\CompoenntUI\Collider2D">
      <UniqueIdentifier>{ef9ca7a1-fc16-4f28-baa8-3e19d7de05f1}</UniqueIdentifier>
    </Filter>
    <Filter Include="02. UI\3. Inspector\CompoenntUI\Light2D">
      <UniqueIdentifier>{a48af97e-5914-4cf6-b9a1-2b4949989d81}</UniqueIdentifier>
    </Filter>
    <Filter Include="02. UI\3. Inspector\CompoenntUI\Camera">
      <UniqueIdentifier>{a4512bfa-9582-431c-82ea-a2c8af981e47}</UniqueIdentifier>
    </Filter>
    <Filter Include="02. UI\3. Inspector\CompoenntUI\Tilemap">
      <UniqueIdentifier>{df10da3a-eb33-4ceb-b840-fc70ad062db1}</UniqueIdentifier>
    </Filter>
    <Filter Include="02. UI\3. Inspector\CompoenntUI\Tilemap\Editor">
      <UniqueIdentifier>{ff1585ec-b0bd-4c08-8ee5-4a93784edc99}</UniqueIdentifier>
    </Filter>
    <Filter Include="02. UI\3. Inspector\CompoenntUI\Particle">
      <UniqueIdentifier>{ab81cf69-0b94-4567-a574-53ea04e2ba60}</UniqueIdentifier>
    </Filter>
    <Filter Include="02. UI\4. MenuUI">
      <UniqueIdentifier>{ef7731a4-4d95-48c8-a635-5f0b8bbd303a}</UniqueIdentifier>
    </Filter>
    <Filter Include="02. UI\5. ListUI">
      <UniqueIdentifier>{41ffccb0-57b8-4886-bfb4-ba472c7da766}</UniqueIdentifier>
    </Filter>
    <Filter Include="02. UI\6. Module">
      <UniqueIdentifier>{3d803ed6-5adb-431a-b1d7-31b38f878af7}</UniqueIdentifier>
    </Filter>
    <Filter Include="02. UI\6. Module\TreeUI">
      <UniqueIdentifier>{532961be-a48f-4610-8e54-d8ebe4cb97bf}</UniqueIdentifier>
    </Filter>
    <Filter Include="02. UI\6. Module\ParamUI">
      <UniqueIdentifier>{60df357a-40ef-43a5-89d2-a22058330bf5}</UniqueIdentifier>
    </Filter>
    <Filter Include="01. Manager\01. UIMgr">
      <UniqueIdentifier>{3ac4cd6f-e2f4-4c7b-8d88-a38d1ed0a9a4}</UniqueIdentifier>
    </Filter>
    <Filter Include="01. Manager\02. EditorObjMgr">
      <UniqueIdentifier>{117a9306-9b3d-4ac3-880e-8f74985a7ea0}</UniqueIdentifier>
    </Filter>
    <Filter Include="01. Manager\02. EditorObjMgr\GameObjectEx">
      <UniqueIdentifier>{168f4def-da3b-44c6-8974-d58a6a84e8e8}</UniqueIdentifier>
    </Filter>
    <Filter Include="03. Scripts">
      <UniqueIdentifier>{96d46312-f7d8-4deb-93ee-033ca9064207}</UniqueIdentifier>
    </Filter>
    <Filter Include="01. Manager\03. CreateTempLevel">
      <UniqueIdentifier>{2e46dcac-a872-47a7-a0de-1cb078dc5382}</UniqueIdentifier>
    </Filter>
    <Filter Include="01. Manager\04. LevelSaveLoad">
      <UniqueIdentifier>{c0f06bd4-31d7-4c54-9943-53b0cdafd444}</UniqueIdentifier>
    </Filter>
    <Filter Include="02. UI\3. Inspector\AssetUI\PrefabUI">
      <UniqueIdentifier>{c9d12c25-e30c-4a41-aebb-754ce363054a}</UniqueIdentifier>
    </Filter>
    <Filter Include="02. UI\3. Inspector\AssetUI\FSMUI">
      <UniqueIdentifier>{4eda3dea-a403-4d02-99d4-c049f8c933a8}</UniqueIdentifier>
    </Filter>
    <Filter Include="04. State">
      <UniqueIdentifier>{e8360291-c2b5-43d0-b6bf-e7ca8e8ff92f}</UniqueIdentifier>
    </Filter>
    <Filter Include="04. State\IdleState">
      <UniqueIdentifier>{60555948-a70e-462d-862f-255f0bfb47b7}</UniqueIdentifier>
    </Filter>
    <Filter Include="04. State\TraceState">
      <UniqueIdentifier>{0fb46b32-729f-48ef-ad6e-6e3268a22723}</UniqueIdentifier>
    </Filter>
  </ItemGroup>
  <ItemGroup>
    <ClInclude Include="targetver.h">
      <Filter>Default</Filter>
    </ClInclude>
    <ClInclude Include="Resource.h">
      <Filter>Default</Filter>
    </ClInclude>
    <ClInclude Include="framework.h">
      <Filter>Default</Filter>
    </ClInclude>
    <ClInclude Include="Client.h">
      <Filter>Default</Filter>
    </ClInclude>
    <ClInclude Include="imconfig.h">
      <Filter>Default\ImGui</Filter>
    </ClInclude>
    <ClInclude Include="imgui.h">
      <Filter>Default\ImGui</Filter>
    </ClInclude>
    <ClInclude Include="imgui_impl_dx11.h">
      <Filter>Default\ImGui</Filter>
    </ClInclude>
    <ClInclude Include="imgui_impl_win32.h">
      <Filter>Default\ImGui</Filter>
    </ClInclude>
    <ClInclude Include="imgui_internal.h">
      <Filter>Default\ImGui</Filter>
    </ClInclude>
    <ClInclude Include="imstb_rectpack.h">
      <Filter>Default\ImGui</Filter>
    </ClInclude>
    <ClInclude Include="imstb_textedit.h">
      <Filter>Default\ImGui</Filter>
    </ClInclude>
    <ClInclude Include="imstb_truetype.h">
      <Filter>Default\ImGui</Filter>
    </ClInclude>
    <ClInclude Include="pch.h">
      <Filter>Default</Filter>
    </ClInclude>
    <ClInclude Include="UI.h">
      <Filter>02. UI</Filter>
    </ClInclude>
    <ClInclude Include="HYImGuiMgr.h">
      <Filter>01. Manager\01. UIMgr</Filter>
    </ClInclude>
    <ClInclude Include="Inspector.h">
      <Filter>02. UI\3. Inspector</Filter>
    </ClInclude>
    <ClInclude Include="Content.h">
      <Filter>02. UI\2. Content</Filter>
    </ClInclude>
    <ClInclude Include="Outliner.h">
      <Filter>02. UI\1. Outliner</Filter>
    </ClInclude>
    <ClInclude Include="TransformUI.h">
      <Filter>02. UI\3. Inspector\CompoenntUI\Transform</Filter>
    </ClInclude>
    <ClInclude Include="MeshRenderUI.h">
      <Filter>02. UI\3. Inspector\CompoenntUI\MeshRender</Filter>
    </ClInclude>
    <ClInclude Include="ComponentUI.h">
      <Filter>02. UI\3. Inspector\CompoenntUI</Filter>
    </ClInclude>
    <ClInclude Include="ListUI.h">
      <Filter>02. UI\5. ListUI</Filter>
    </ClInclude>
    <ClInclude Include="Light2DUI.h">
      <Filter>02. UI\3. Inspector\CompoenntUI\Light2D</Filter>
    </ClInclude>
    <ClInclude Include="Collider2DUI.h">
      <Filter>02. UI\3. Inspector\CompoenntUI\Collider2D</Filter>
    </ClInclude>
    <ClInclude Include="Animator2DUI.h">
      <Filter>02. UI\3. Inspector\CompoenntUI\Animator2D</Filter>
    </ClInclude>
    <ClInclude Include="CameraUI.h">
      <Filter>02. UI\3. Inspector\CompoenntUI\Camera</Filter>
    </ClInclude>
    <ClInclude Include="TilemapUI.h">
      <Filter>02. UI\3. Inspector\CompoenntUI\Tilemap</Filter>
    </ClInclude>
    <ClInclude Include="TilemapEditor.h">
      <Filter>02. UI\3. Inspector\CompoenntUI\Tilemap\Editor</Filter>
    </ClInclude>
    <ClInclude Include="AnimationEditor.h">
      <Filter>02. UI\3. Inspector\CompoenntUI\Animator2D\Editor</Filter>
    </ClInclude>
    <ClInclude Include="ParticleSystemUI.h">
      <Filter>02. UI\3. Inspector\CompoenntUI\Particle</Filter>
    </ClInclude>
    <ClInclude Include="TreeUI.h">
      <Filter>02. UI\6. Module\TreeUI</Filter>
    </ClInclude>
    <ClInclude Include="AssetUI.h">
      <Filter>02. UI\3. Inspector\AssetUI</Filter>
    </ClInclude>
    <ClInclude Include="TextureUI.h">
      <Filter>02. UI\3. Inspector\AssetUI\TextureUI</Filter>
    </ClInclude>
    <ClInclude Include="SoundUI.h">
      <Filter>02. UI\3. Inspector\AssetUI\Sound</Filter>
    </ClInclude>
    <ClInclude Include="MeshUI.h">
      <Filter>02. UI\3. Inspector\AssetUI\MeshUI</Filter>
    </ClInclude>
    <ClInclude Include="MeshDataUI.h">
      <Filter>02. UI\3. Inspector\AssetUI\MeshData</Filter>
    </ClInclude>
    <ClInclude Include="MaterialUI.h">
      <Filter>02. UI\3. Inspector\AssetUI\MaterialUI</Filter>
    </ClInclude>
    <ClInclude Include="GraphicsShaderUI.h">
      <Filter>02. UI\3. Inspector\AssetUI\GraphicsShader</Filter>
    </ClInclude>
    <ClInclude Include="ComputeShaderUI.h">
      <Filter>02. UI\3. Inspector\AssetUI\ComputeShader</Filter>
    </ClInclude>
    <ClInclude Include="ParamUI.h">
      <Filter>02. UI\6. Module\ParamUI</Filter>
    </ClInclude>
    <ClInclude Include="MenuUI.h">
      <Filter>02. UI\4. MenuUI</Filter>
    </ClInclude>
    <ClInclude Include="HYGameObjectEx.h">
      <Filter>01. Manager\02. EditorObjMgr\GameObjectEx</Filter>
    </ClInclude>
    <ClInclude Include="HYEditorObjMgr.h">
      <Filter>01. Manager\02. EditorObjMgr</Filter>
    </ClInclude>
    <ClInclude Include="HYCameraMoveScript.h">
      <Filter>03. Scripts</Filter>
    </ClInclude>
    <ClInclude Include="HYCreateTempLevel.h">
      <Filter>01. Manager\03. CreateTempLevel</Filter>
    </ClInclude>
    <ClInclude Include="HYLevelSaveLoad.h">
      <Filter>01. Manager\04. LevelSaveLoad</Filter>
    </ClInclude>
    <ClInclude Include="PrefabUI.h">
      <Filter>02. UI\3. Inspector\AssetUI\PrefabUI</Filter>
    </ClInclude>
    <ClInclude Include="FSMUI.h">
      <Filter>02. UI\3. Inspector\AssetUI\FSMUI</Filter>
    </ClInclude>
    <ClInclude Include="HYTraceState.h">
      <Filter>04. State\TraceState</Filter>
    </ClInclude>
    <ClInclude Include="HYIdleState.h">
      <Filter>04. State\IdleState</Filter>
    </ClInclude>
  </ItemGroup>
  <ItemGroup>
    <ClCompile Include="imgui.cpp">
      <Filter>Default\ImGui</Filter>
    </ClCompile>
    <ClCompile Include="imgui_demo.cpp">
      <Filter>Default\ImGui</Filter>
    </ClCompile>
    <ClCompile Include="imgui_draw.cpp">
      <Filter>Default\ImGui</Filter>
    </ClCompile>
    <ClCompile Include="imgui_impl_dx11.cpp">
      <Filter>Default\ImGui</Filter>
    </ClCompile>
    <ClCompile Include="imgui_impl_win32.cpp">
      <Filter>Default\ImGui</Filter>
    </ClCompile>
    <ClCompile Include="imgui_tables.cpp">
      <Filter>Default\ImGui</Filter>
    </ClCompile>
    <ClCompile Include="imgui_widgets.cpp">
      <Filter>Default\ImGui</Filter>
    </ClCompile>
    <ClCompile Include="pch.cpp">
      <Filter>Default</Filter>
    </ClCompile>
    <ClCompile Include="main.cpp" />
    <ClCompile Include="UI.cpp">
      <Filter>02. UI</Filter>
    </ClCompile>
    <ClCompile Include="HYImGuiMgr.cpp">
      <Filter>01. Manager\01. UIMgr</Filter>
    </ClCompile>
    <ClCompile Include="Inspector.cpp">
      <Filter>02. UI\3. Inspector</Filter>
    </ClCompile>
    <ClCompile Include="Content.cpp">
      <Filter>02. UI\2. Content</Filter>
    </ClCompile>
    <ClCompile Include="Outliner.cpp">
      <Filter>02. UI\1. Outliner</Filter>
    </ClCompile>
    <ClCompile Include="TransformUI.cpp">
      <Filter>02. UI\3. Inspector\CompoenntUI\Transform</Filter>
    </ClCompile>
    <ClCompile Include="MeshRenderUI.cpp">
      <Filter>02. UI\3. Inspector\CompoenntUI\MeshRender</Filter>
    </ClCompile>
    <ClCompile Include="ComponentUI.cpp">
      <Filter>02. UI\3. Inspector\CompoenntUI</Filter>
    </ClCompile>
    <ClCompile Include="ListUI.cpp">
      <Filter>02. UI\5. ListUI</Filter>
    </ClCompile>
    <ClCompile Include="Light2DUI.cpp">
      <Filter>02. UI\3. Inspector\CompoenntUI\Light2D</Filter>
    </ClCompile>
    <ClCompile Include="Collider2DUI.cpp">
      <Filter>02. UI\3. Inspector\CompoenntUI\Collider2D</Filter>
    </ClCompile>
    <ClCompile Include="Animator2DUI.cpp">
      <Filter>02. UI\3. Inspector\CompoenntUI\Animator2D</Filter>
    </ClCompile>
    <ClCompile Include="CameraUI.cpp">
      <Filter>02. UI\3. Inspector\CompoenntUI\Camera</Filter>
    </ClCompile>
    <ClCompile Include="TilemapUI.cpp">
      <Filter>02. UI\3. Inspector\CompoenntUI\Tilemap</Filter>
    </ClCompile>
    <ClCompile Include="TilemapEditor.cpp">
      <Filter>02. UI\3. Inspector\CompoenntUI\Tilemap\Editor</Filter>
    </ClCompile>
    <ClCompile Include="AnimationEditor.cpp">
      <Filter>02. UI\3. Inspector\CompoenntUI\Animator2D\Editor</Filter>
    </ClCompile>
    <ClCompile Include="ParticleSystemUI.cpp">
      <Filter>02. UI\3. Inspector\CompoenntUI\Particle</Filter>
    </ClCompile>
    <ClCompile Include="TreeUI.cpp">
      <Filter>02. UI\6. Module\TreeUI</Filter>
    </ClCompile>
    <ClCompile Include="AssetUI.cpp">
      <Filter>02. UI\3. Inspector\AssetUI</Filter>
    </ClCompile>
    <ClCompile Include="TextureUI.cpp">
      <Filter>02. UI\3. Inspector\AssetUI\TextureUI</Filter>
    </ClCompile>
    <ClCompile Include="SoundUI.cpp">
      <Filter>02. UI\3. Inspector\AssetUI\Sound</Filter>
    </ClCompile>
    <ClCompile Include="MeshUI.cpp">
      <Filter>02. UI\3. Inspector\AssetUI\MeshUI</Filter>
    </ClCompile>
    <ClCompile Include="MeshDataUI.cpp">
      <Filter>02. UI\3. Inspector\AssetUI\MeshData</Filter>
    </ClCompile>
    <ClCompile Include="MaterialUI.cpp">
      <Filter>02. UI\3. Inspector\AssetUI\MaterialUI</Filter>
    </ClCompile>
    <ClCompile Include="GraphicsShaderUI.cpp">
      <Filter>02. UI\3. Inspector\AssetUI\GraphicsShader</Filter>
    </ClCompile>
    <ClCompile Include="ComputeShaderUI.cpp">
      <Filter>02. UI\3. Inspector\AssetUI\ComputeShader</Filter>
    </ClCompile>
    <ClCompile Include="Inspector_init.cpp">
      <Filter>02. UI\3. Inspector</Filter>
    </ClCompile>
    <ClCompile Include="ParamUI.cpp">
      <Filter>02. UI\6. Module\ParamUI</Filter>
    </ClCompile>
    <ClCompile Include="MenuUI.cpp">
      <Filter>02. UI\4. MenuUI</Filter>
    </ClCompile>
    <ClCompile Include="HYGameObjectEx.cpp">
      <Filter>01. Manager\02. EditorObjMgr\GameObjectEx</Filter>
    </ClCompile>
    <ClCompile Include="HYEditorObjMgr.cpp">
      <Filter>01. Manager\02. EditorObjMgr</Filter>
    </ClCompile>
    <ClCompile Include="HYCameraMoveScript.cpp">
      <Filter>03. Scripts</Filter>
    </ClCompile>
    <ClCompile Include="HYCreateTempLevel.cpp">
      <Filter>01. Manager\03. CreateTempLevel</Filter>
    </ClCompile>
    <ClCompile Include="HYLevelSaveLoad.cpp">
      <Filter>01. Manager\04. LevelSaveLoad</Filter>
    </ClCompile>
    <ClCompile Include="PrefabUI.cpp">
      <Filter>02. UI\3. Inspector\AssetUI\PrefabUI</Filter>
    </ClCompile>
    <ClCompile Include="FSMUI.cpp">
      <Filter>02. UI\3. Inspector\AssetUI\FSMUI</Filter>
    </ClCompile>
    <ClCompile Include="HYTraceState.cpp">
      <Filter>04. State\TraceState</Filter>
    </ClCompile>
    <ClCompile Include="HYIdleState.cpp">
      <Filter>04. State\IdleState</Filter>
    </ClCompile>
  </ItemGroup>
  <ItemGroup>
    <ResourceCompile Include="Client.rc">
      <Filter>리소스 파일</Filter>
    </ResourceCompile>
  </ItemGroup>
  <ItemGroup>
    <Image Include="small.ico">
      <Filter>리소스 파일</Filter>
    </Image>
    <Image Include="Client.ico">
      <Filter>리소스 파일</Filter>
    </Image>
  </ItemGroup>
</Project>