<?xml version="1.0" encoding="utf-8"?>
<Project ToolsVersion="4.0" xmlns="http://schemas.microsoft.com/developer/msbuild/2003">
  <ItemGroup>
    <Filter Include="리소스 파일">
      <UniqueIdentifier>{67DA6AB6-F800-4c08-8B7A-83BB121AAD01}</UniqueIdentifier>
      <Extensions>rc;ico;cur;bmp;dlg;rc2;rct;bin;rgs;gif;jpg;jpeg;jpe;resx;tiff;tif;png;wav;mfcribbon-ms</Extensions>
    </Filter>
    <Filter Include="Default">
      <UniqueIdentifier>{4FC737F1-C7A5-4376-A066-2A32D752A2FF}</UniqueIdentifier>
      <Extensions>cpp;c;cc;cxx;c++;cppm;ixx;def;odl;idl;hpj;bat;asm;asmx</Extensions>
    </Filter>
    <Filter Include="Default\ImGui">
      <UniqueIdentifier>{b7bd5302-5046-45fb-89f6-f91d6ba57d98}</UniqueIdentifier>
    </Filter>
    <Filter Include="ImGuiMgr">
      <UniqueIdentifier>{3ac4cd6f-e2f4-4c7b-8d88-a38d1ed0a9a4}</UniqueIdentifier>
    </Filter>
    <Filter Include="UI">
      <UniqueIdentifier>{1e0e102a-b2d6-456e-a7bb-357f0a9402c8}</UniqueIdentifier>
    </Filter>
    <Filter Include="UI\1. Outliner">
      <UniqueIdentifier>{ca9a2704-c34f-4a5c-8e93-f8bc649fa257}</UniqueIdentifier>
    </Filter>
    <Filter Include="UI\2. Content">
      <UniqueIdentifier>{3796fb55-06bb-4440-a01f-ff07bcbf9237}</UniqueIdentifier>
    </Filter>
    <Filter Include="UI\3. Inspector">
      <UniqueIdentifier>{a22ae863-10f2-495b-993c-36a9dd4dbf5a}</UniqueIdentifier>
    </Filter>
    <Filter Include="UI\3. Inspector\AssetUI">
      <UniqueIdentifier>{7f84369d-304c-4d33-be1d-7874b1688baa}</UniqueIdentifier>
    </Filter>
    <Filter Include="UI\3. Inspector\CompoenntUI">
      <UniqueIdentifier>{3cb11ecc-096f-4ec5-80e8-1c85a6f69435}</UniqueIdentifier>
    </Filter>
    <Filter Include="UI\3. Inspector\CompoenntUI\MeshRender">
      <UniqueIdentifier>{2f3507fa-9d3e-4e1e-9bda-4b916e7ce1f3}</UniqueIdentifier>
    </Filter>
    <Filter Include="UI\3. Inspector\CompoenntUI\Transform">
      <UniqueIdentifier>{3626ec46-7c48-4db7-ab6c-a854c2a08359}</UniqueIdentifier>
    </Filter>
    <Filter Include="UI\4. ListUI">
      <UniqueIdentifier>{41ffccb0-57b8-4886-bfb4-ba472c7da766}</UniqueIdentifier>
    </Filter>
    <Filter Include="UI\3. Inspector\CompoenntUI\Animator2D">
      <UniqueIdentifier>{c0675e0a-37e5-43df-8ed0-8eb87cfad3c6}</UniqueIdentifier>
    </Filter>
    <Filter Include="UI\3. Inspector\CompoenntUI\Collider2D">
      <UniqueIdentifier>{ef9ca7a1-fc16-4f28-baa8-3e19d7de05f1}</UniqueIdentifier>
    </Filter>
    <Filter Include="UI\3. Inspector\CompoenntUI\Light2D">
      <UniqueIdentifier>{a48af97e-5914-4cf6-b9a1-2b4949989d81}</UniqueIdentifier>
    </Filter>
    <Filter Include="UI\3. Inspector\CompoenntUI\Camera">
      <UniqueIdentifier>{a4512bfa-9582-431c-82ea-a2c8af981e47}</UniqueIdentifier>
    </Filter>
    <Filter Include="UI\3. Inspector\CompoenntUI\Tilemap">
      <UniqueIdentifier>{df10da3a-eb33-4ceb-b840-fc70ad062db1}</UniqueIdentifier>
    </Filter>
  </ItemGroup>
  <ItemGroup>
    <ClInclude Include="targetver.h">
      <Filter>Default</Filter>
    </ClInclude>
    <ClInclude Include="Resource.h">
      <Filter>Default</Filter>
    </ClInclude>
    <ClInclude Include="framework.h">
      <Filter>Default</Filter>
    </ClInclude>
    <ClInclude Include="Client.h">
      <Filter>Default</Filter>
    </ClInclude>
    <ClInclude Include="imconfig.h">
      <Filter>Default\ImGui</Filter>
    </ClInclude>
    <ClInclude Include="imgui.h">
      <Filter>Default\ImGui</Filter>
    </ClInclude>
    <ClInclude Include="imgui_impl_dx11.h">
      <Filter>Default\ImGui</Filter>
    </ClInclude>
    <ClInclude Include="imgui_impl_win32.h">
      <Filter>Default\ImGui</Filter>
    </ClInclude>
    <ClInclude Include="imgui_internal.h">
      <Filter>Default\ImGui</Filter>
    </ClInclude>
    <ClInclude Include="imstb_rectpack.h">
      <Filter>Default\ImGui</Filter>
    </ClInclude>
    <ClInclude Include="imstb_textedit.h">
      <Filter>Default\ImGui</Filter>
    </ClInclude>
    <ClInclude Include="imstb_truetype.h">
      <Filter>Default\ImGui</Filter>
    </ClInclude>
    <ClInclude Include="pch.h">
      <Filter>Default</Filter>
    </ClInclude>
    <ClInclude Include="UI.h">
      <Filter>UI</Filter>
    </ClInclude>
    <ClInclude Include="HYImGuiMgr.h">
      <Filter>ImGuiMgr</Filter>
    </ClInclude>
    <ClInclude Include="Inspector.h">
      <Filter>UI\3. Inspector</Filter>
    </ClInclude>
    <ClInclude Include="Content.h">
      <Filter>UI\2. Content</Filter>
    </ClInclude>
    <ClInclude Include="Outliner.h">
      <Filter>UI\1. Outliner</Filter>
    </ClInclude>
    <ClInclude Include="TransformUI.h">
      <Filter>UI\3. Inspector\CompoenntUI\Transform</Filter>
    </ClInclude>
    <ClInclude Include="MeshRenderUI.h">
      <Filter>UI\3. Inspector\CompoenntUI\MeshRender</Filter>
    </ClInclude>
    <ClInclude Include="ComponentUI.h">
      <Filter>UI\3. Inspector\CompoenntUI</Filter>
    </ClInclude>
    <ClInclude Include="ListUI.h">
      <Filter>UI\4. ListUI</Filter>
    </ClInclude>
    <ClInclude Include="Light2DUI.h">
      <Filter>UI\3. Inspector\CompoenntUI\Light2D</Filter>
    </ClInclude>
    <ClInclude Include="Collider2DUI.h">
      <Filter>UI\3. Inspector\CompoenntUI\Collider2D</Filter>
    </ClInclude>
    <ClInclude Include="Animator2DUI.h">
      <Filter>UI\3. Inspector\CompoenntUI\Animator2D</Filter>
    </ClInclude>
    <ClInclude Include="CameraUI.h">
      <Filter>UI\3. Inspector\CompoenntUI\Camera</Filter>
    </ClInclude>
    <ClInclude Include="TilemapUI.h">
      <Filter>UI\3. Inspector\CompoenntUI\Tilemap</Filter>
    </ClInclude>
    <ClInclude Include="AnimationEditor.h">
      <Filter>UI\3. Inspector\CompoenntUI\Animator2D</Filter>
    </ClInclude>
  </ItemGroup>
  <ItemGroup>
    <ClCompile Include="imgui.cpp">
      <Filter>Default\ImGui</Filter>
    </ClCompile>
    <ClCompile Include="imgui_demo.cpp">
      <Filter>Default\ImGui</Filter>
    </ClCompile>
    <ClCompile Include="imgui_draw.cpp">
      <Filter>Default\ImGui</Filter>
    </ClCompile>
    <ClCompile Include="imgui_impl_dx11.cpp">
      <Filter>Default\ImGui</Filter>
    </ClCompile>
    <ClCompile Include="imgui_impl_win32.cpp">
      <Filter>Default\ImGui</Filter>
    </ClCompile>
    <ClCompile Include="imgui_tables.cpp">
      <Filter>Default\ImGui</Filter>
    </ClCompile>
    <ClCompile Include="imgui_widgets.cpp">
      <Filter>Default\ImGui</Filter>
    </ClCompile>
    <ClCompile Include="pch.cpp">
      <Filter>Default</Filter>
    </ClCompile>
    <ClCompile Include="main.cpp" />
    <ClCompile Include="UI.cpp">
      <Filter>UI</Filter>
    </ClCompile>
    <ClCompile Include="HYImGuiMgr.cpp">
      <Filter>ImGuiMgr</Filter>
    </ClCompile>
    <ClCompile Include="Inspector.cpp">
      <Filter>UI\3. Inspector</Filter>
    </ClCompile>
    <ClCompile Include="Content.cpp">
      <Filter>UI\2. Content</Filter>
    </ClCompile>
    <ClCompile Include="Outliner.cpp">
      <Filter>UI\1. Outliner</Filter>
    </ClCompile>
    <ClCompile Include="TransformUI.cpp">
      <Filter>UI\3. Inspector\CompoenntUI\Transform</Filter>
    </ClCompile>
    <ClCompile Include="MeshRenderUI.cpp">
      <Filter>UI\3. Inspector\CompoenntUI\MeshRender</Filter>
    </ClCompile>
    <ClCompile Include="ComponentUI.cpp">
      <Filter>UI\3. Inspector\CompoenntUI</Filter>
    </ClCompile>
    <ClCompile Include="ListUI.cpp">
      <Filter>UI\4. ListUI</Filter>
    </ClCompile>
    <ClCompile Include="Light2DUI.cpp">
      <Filter>UI\3. Inspector\CompoenntUI\Light2D</Filter>
    </ClCompile>
    <ClCompile Include="Collider2DUI.cpp">
      <Filter>UI\3. Inspector\CompoenntUI\Collider2D</Filter>
    </ClCompile>
    <ClCompile Include="Animator2DUI.cpp">
      <Filter>UI\3. Inspector\CompoenntUI\Animator2D</Filter>
    </ClCompile>
    <ClCompile Include="CameraUI.cpp">
      <Filter>UI\3. Inspector\CompoenntUI\Camera</Filter>
    </ClCompile>
    <ClCompile Include="TilemapUI.cpp">
      <Filter>UI\3. Inspector\CompoenntUI\Tilemap</Filter>
    </ClCompile>
    <ClCompile Include="AnimationEditor.cpp">
      <Filter>UI\3. Inspector\CompoenntUI\Animator2D</Filter>
    </ClCompile>
  </ItemGroup>
  <ItemGroup>
    <ResourceCompile Include="Client.rc">
      <Filter>리소스 파일</Filter>
    </ResourceCompile>
  </ItemGroup>
  <ItemGroup>
    <Image Include="small.ico">
      <Filter>리소스 파일</Filter>
    </Image>
    <Image Include="Client.ico">
      <Filter>리소스 파일</Filter>
    </Image>
  </ItemGroup>
</Project>